// !$*UTF8*$!
{
	archiveVersion = 1;
	classes = {
	};
	objectVersion = 46;
	objects = {

/* Begin PBXBuildFile section */
		BBAB23CB13894F3D00AA2426 /* GLUT.framework in CopyFiles */ = {isa = PBXBuildFile; fileRef = BBAB23BE13894E4700AA2426 /* GLUT.framework */; };
		C83C462F1AB7415300879893 /* Hand.cpp in Sources */ = {isa = PBXBuildFile; fileRef = C83C461A1AB7415300879893 /* Hand.cpp */; };
		C83C46301AB7415300879893 /* Interpreter.cpp in Sources */ = {isa = PBXBuildFile; fileRef = C83C461C1AB7415300879893 /* Interpreter.cpp */; };
		C83C46311AB7415300879893 /* Joint.cpp in Sources */ = {isa = PBXBuildFile; fileRef = C83C461E1AB7415300879893 /* Joint.cpp */; };
		C83C46321AB7415300879893 /* Skeleton.cpp in Sources */ = {isa = PBXBuildFile; fileRef = C83C46201AB7415300879893 /* Skeleton.cpp */; };
		C83C46331AB7415300879893 /* Logger.cpp in Sources */ = {isa = PBXBuildFile; fileRef = C83C46241AB7415300879893 /* Logger.cpp */; };
		C83C46341AB7415300879893 /* Mapper.cpp in Sources */ = {isa = PBXBuildFile; fileRef = C83C46261AB7415300879893 /* Mapper.cpp */; };
		C83C46351AB7415300879893 /* Parser.cpp in Sources */ = {isa = PBXBuildFile; fileRef = C83C46281AB7415300879893 /* Parser.cpp */; };
		C83C46361AB7415300879893 /* BodyRenderer.cpp in Sources */ = {isa = PBXBuildFile; fileRef = C83C462B1AB7415300879893 /* BodyRenderer.cpp */; };
		C83C46371AB7415300879893 /* ofxKinectV2OSC.cpp in Sources */ = {isa = PBXBuildFile; fileRef = C83C462D1AB7415300879893 /* ofxKinectV2OSC.cpp */; };
		C83C46631AB7415B00879893 /* ofxOscBundle.cpp in Sources */ = {isa = PBXBuildFile; fileRef = C83C463C1AB7415B00879893 /* ofxOscBundle.cpp */; };
		C83C46641AB7415B00879893 /* ofxOscMessage.cpp in Sources */ = {isa = PBXBuildFile; fileRef = C83C463E1AB7415B00879893 /* ofxOscMessage.cpp */; };
		C83C46651AB7415B00879893 /* ofxOscParameterSync.cpp in Sources */ = {isa = PBXBuildFile; fileRef = C83C46401AB7415B00879893 /* ofxOscParameterSync.cpp */; };
		C83C46661AB7415B00879893 /* ofxOscReceiver.cpp in Sources */ = {isa = PBXBuildFile; fileRef = C83C46421AB7415B00879893 /* ofxOscReceiver.cpp */; };
		C83C46671AB7415B00879893 /* ofxOscSender.cpp in Sources */ = {isa = PBXBuildFile; fileRef = C83C46441AB7415B00879893 /* ofxOscSender.cpp */; };
		C83C46681AB7415B00879893 /* IpEndpointName.cpp in Sources */ = {isa = PBXBuildFile; fileRef = C83C464A1AB7415B00879893 /* IpEndpointName.cpp */; };
		C83C46691AB7415B00879893 /* NetworkingUtils.cpp in Sources */ = {isa = PBXBuildFile; fileRef = C83C464F1AB7415B00879893 /* NetworkingUtils.cpp */; };
		C83C466A1AB7415B00879893 /* UdpSocket.cpp in Sources */ = {isa = PBXBuildFile; fileRef = C83C46501AB7415B00879893 /* UdpSocket.cpp */; };
		C83C466B1AB7415B00879893 /* OscOutboundPacketStream.cpp in Sources */ = {isa = PBXBuildFile; fileRef = C83C465A1AB7415B00879893 /* OscOutboundPacketStream.cpp */; };
		C83C466C1AB7415B00879893 /* OscPrintReceivedElements.cpp in Sources */ = {isa = PBXBuildFile; fileRef = C83C465D1AB7415B00879893 /* OscPrintReceivedElements.cpp */; };
		C83C466D1AB7415B00879893 /* OscReceivedElements.cpp in Sources */ = {isa = PBXBuildFile; fileRef = C83C465F1AB7415B00879893 /* OscReceivedElements.cpp */; };
		C83C466E1AB7415B00879893 /* OscTypes.cpp in Sources */ = {isa = PBXBuildFile; fileRef = C83C46611AB7415B00879893 /* OscTypes.cpp */; };
		C83C467A1AB7416F00879893 /* ofxHistoryPlot.cpp in Sources */ = {isa = PBXBuildFile; fileRef = C83C46781AB7416F00879893 /* ofxHistoryPlot.cpp */; };
		C847E1771AE5EBC40053F5C4 /* kinectBody.cpp in Sources */ = {isa = PBXBuildFile; fileRef = C847E16B1AE5EBC40053F5C4 /* kinectBody.cpp */; };
		C847E1781AE5EBC40053F5C4 /* kinectBodyAnalyser.cpp in Sources */ = {isa = PBXBuildFile; fileRef = C847E16D1AE5EBC40053F5C4 /* kinectBodyAnalyser.cpp */; };
		C847E1791AE5EBC40053F5C4 /* kinectButton.cpp in Sources */ = {isa = PBXBuildFile; fileRef = C847E16F1AE5EBC40053F5C4 /* kinectButton.cpp */; };
		C847E17A1AE5EBC40053F5C4 /* kinectSkeleton.cpp in Sources */ = {isa = PBXBuildFile; fileRef = C847E1711AE5EBC40053F5C4 /* kinectSkeleton.cpp */; };
		C847E17B1AE5EBC40053F5C4 /* kinectSkeletonAnalyser.cpp in Sources */ = {isa = PBXBuildFile; fileRef = C847E1731AE5EBC40053F5C4 /* kinectSkeletonAnalyser.cpp */; };
		C847E17C1AE5EBC40053F5C4 /* kinectSkeletonLayout.cpp in Sources */ = {isa = PBXBuildFile; fileRef = C847E1751AE5EBC40053F5C4 /* kinectSkeletonLayout.cpp */; };
		C847E1891AE5EBD40053F5C4 /* gridInfo.cpp in Sources */ = {isa = PBXBuildFile; fileRef = C847E1811AE5EBD40053F5C4 /* gridInfo.cpp */; };
		C847E18A1AE5EBD40053F5C4 /* traveler.cpp in Sources */ = {isa = PBXBuildFile; fileRef = C847E1841AE5EBD40053F5C4 /* traveler.cpp */; };
		C847E18B1AE5EBD40053F5C4 /* tvScreen.cpp in Sources */ = {isa = PBXBuildFile; fileRef = C847E1861AE5EBD40053F5C4 /* tvScreen.cpp */; };
		C847E18E1AE5EBE30053F5C4 /* TVView.cpp in Sources */ = {isa = PBXBuildFile; fileRef = C847E18C1AE5EBE30053F5C4 /* TVView.cpp */; };
		C847E1991AE5EBFD0053F5C4 /* AppSettings.cpp in Sources */ = {isa = PBXBuildFile; fileRef = C847E1901AE5EBFD0053F5C4 /* AppSettings.cpp */; };
		C847E19A1AE5EBFD0053F5C4 /* Graph.cpp in Sources */ = {isa = PBXBuildFile; fileRef = C847E1931AE5EBFD0053F5C4 /* Graph.cpp */; };
		C847E19B1AE5EBFD0053F5C4 /* OrthoCamera.cpp in Sources */ = {isa = PBXBuildFile; fileRef = C847E1961AE5EBFD0053F5C4 /* OrthoCamera.cpp */; };
		C847E1AF1AE5EC080053F5C4 /* ofxBaseGui.cpp in Sources */ = {isa = PBXBuildFile; fileRef = C847E19E1AE5EC080053F5C4 /* ofxBaseGui.cpp */; };
		C847E1B01AE5EC080053F5C4 /* ofxButton.cpp in Sources */ = {isa = PBXBuildFile; fileRef = C847E1A01AE5EC080053F5C4 /* ofxButton.cpp */; };
		C847E1B11AE5EC080053F5C4 /* ofxGuiGroup.cpp in Sources */ = {isa = PBXBuildFile; fileRef = C847E1A31AE5EC080053F5C4 /* ofxGuiGroup.cpp */; };
		C847E1B21AE5EC080053F5C4 /* ofxLabel.cpp in Sources */ = {isa = PBXBuildFile; fileRef = C847E1A51AE5EC080053F5C4 /* ofxLabel.cpp */; };
		C847E1B31AE5EC080053F5C4 /* ofxPanel.cpp in Sources */ = {isa = PBXBuildFile; fileRef = C847E1A71AE5EC080053F5C4 /* ofxPanel.cpp */; };
		C847E1B41AE5EC080053F5C4 /* ofxSlider.cpp in Sources */ = {isa = PBXBuildFile; fileRef = C847E1A91AE5EC080053F5C4 /* ofxSlider.cpp */; };
		C847E1B51AE5EC080053F5C4 /* ofxSliderGroup.cpp in Sources */ = {isa = PBXBuildFile; fileRef = C847E1AB1AE5EC080053F5C4 /* ofxSliderGroup.cpp */; };
		C847E1B61AE5EC080053F5C4 /* ofxToggle.cpp in Sources */ = {isa = PBXBuildFile; fileRef = C847E1AD1AE5EC080053F5C4 /* ofxToggle.cpp */; };
		E4328149138ABC9F0047C5CB /* openFrameworksDebug.a in Frameworks */ = {isa = PBXBuildFile; fileRef = E4328148138ABC890047C5CB /* openFrameworksDebug.a */; };
		E45BE97B0E8CC7DD009D7055 /* AGL.framework in Frameworks */ = {isa = PBXBuildFile; fileRef = E45BE9710E8CC7DD009D7055 /* AGL.framework */; };
		E45BE97C0E8CC7DD009D7055 /* ApplicationServices.framework in Frameworks */ = {isa = PBXBuildFile; fileRef = E45BE9720E8CC7DD009D7055 /* ApplicationServices.framework */; };
		E45BE97D0E8CC7DD009D7055 /* AudioToolbox.framework in Frameworks */ = {isa = PBXBuildFile; fileRef = E45BE9730E8CC7DD009D7055 /* AudioToolbox.framework */; };
		E45BE97F0E8CC7DD009D7055 /* CoreAudio.framework in Frameworks */ = {isa = PBXBuildFile; fileRef = E45BE9750E8CC7DD009D7055 /* CoreAudio.framework */; };
		E45BE9800E8CC7DD009D7055 /* CoreFoundation.framework in Frameworks */ = {isa = PBXBuildFile; fileRef = E45BE9760E8CC7DD009D7055 /* CoreFoundation.framework */; };
		E45BE9810E8CC7DD009D7055 /* CoreServices.framework in Frameworks */ = {isa = PBXBuildFile; fileRef = E45BE9770E8CC7DD009D7055 /* CoreServices.framework */; };
		E45BE9830E8CC7DD009D7055 /* OpenGL.framework in Frameworks */ = {isa = PBXBuildFile; fileRef = E45BE9790E8CC7DD009D7055 /* OpenGL.framework */; };
		E45BE9840E8CC7DD009D7055 /* QuickTime.framework in Frameworks */ = {isa = PBXBuildFile; fileRef = E45BE97A0E8CC7DD009D7055 /* QuickTime.framework */; };
		E4B69E200A3A1BDC003C02F2 /* main.cpp in Sources */ = {isa = PBXBuildFile; fileRef = E4B69E1D0A3A1BDC003C02F2 /* main.cpp */; };
		E4B69E210A3A1BDC003C02F2 /* ofApp.cpp in Sources */ = {isa = PBXBuildFile; fileRef = E4B69E1E0A3A1BDC003C02F2 /* ofApp.cpp */; };
		E4C2424710CC5A17004149E2 /* AppKit.framework in Frameworks */ = {isa = PBXBuildFile; fileRef = E4C2424410CC5A17004149E2 /* AppKit.framework */; };
		E4C2424810CC5A17004149E2 /* Cocoa.framework in Frameworks */ = {isa = PBXBuildFile; fileRef = E4C2424510CC5A17004149E2 /* Cocoa.framework */; };
		E4C2424910CC5A17004149E2 /* IOKit.framework in Frameworks */ = {isa = PBXBuildFile; fileRef = E4C2424610CC5A17004149E2 /* IOKit.framework */; };
		E4EB6799138ADC1D00A09F29 /* GLUT.framework in Frameworks */ = {isa = PBXBuildFile; fileRef = BBAB23BE13894E4700AA2426 /* GLUT.framework */; };
		E7E077E515D3B63C0020DFD4 /* CoreVideo.framework in Frameworks */ = {isa = PBXBuildFile; fileRef = E7E077E415D3B63C0020DFD4 /* CoreVideo.framework */; };
		E7E077E815D3B6510020DFD4 /* QTKit.framework in Frameworks */ = {isa = PBXBuildFile; fileRef = E7E077E715D3B6510020DFD4 /* QTKit.framework */; };
		E7F985F815E0DEA3003869B5 /* Accelerate.framework in Frameworks */ = {isa = PBXBuildFile; fileRef = E7F985F515E0DE99003869B5 /* Accelerate.framework */; };
/* End PBXBuildFile section */

/* Begin PBXContainerItemProxy section */
		E4328147138ABC890047C5CB /* PBXContainerItemProxy */ = {
			isa = PBXContainerItemProxy;
			containerPortal = E4328143138ABC890047C5CB /* openFrameworksLib.xcodeproj */;
			proxyType = 2;
			remoteGlobalIDString = E4B27C1510CBEB8E00536013;
			remoteInfo = openFrameworks;
		};
		E4EEB9AB138B136A00A80321 /* PBXContainerItemProxy */ = {
			isa = PBXContainerItemProxy;
			containerPortal = E4328143138ABC890047C5CB /* openFrameworksLib.xcodeproj */;
			proxyType = 1;
			remoteGlobalIDString = E4B27C1410CBEB8E00536013;
			remoteInfo = openFrameworks;
		};
/* End PBXContainerItemProxy section */

/* Begin PBXCopyFilesBuildPhase section */
		E4C2427710CC5ABF004149E2 /* CopyFiles */ = {
			isa = PBXCopyFilesBuildPhase;
			buildActionMask = 2147483647;
			dstPath = "";
			dstSubfolderSpec = 10;
			files = (
				BBAB23CB13894F3D00AA2426 /* GLUT.framework in CopyFiles */,
			);
			runOnlyForDeploymentPostprocessing = 0;
		};
/* End PBXCopyFilesBuildPhase section */

/* Begin PBXFileReference section */
		BBAB23BE13894E4700AA2426 /* GLUT.framework */ = {isa = PBXFileReference; lastKnownFileType = wrapper.framework; name = GLUT.framework; path = ../../../libs/glut/lib/osx/GLUT.framework; sourceTree = "<group>"; };
		C83C461A1AB7415300879893 /* Hand.cpp */ = {isa = PBXFileReference; lastKnownFileType = sourcecode.cpp.cpp; path = Hand.cpp; sourceTree = "<group>"; };
		C83C461B1AB7415300879893 /* Hand.h */ = {isa = PBXFileReference; lastKnownFileType = sourcecode.c.h; path = Hand.h; sourceTree = "<group>"; };
		C83C461C1AB7415300879893 /* Interpreter.cpp */ = {isa = PBXFileReference; lastKnownFileType = sourcecode.cpp.cpp; path = Interpreter.cpp; sourceTree = "<group>"; };
		C83C461D1AB7415300879893 /* Interpreter.h */ = {isa = PBXFileReference; lastKnownFileType = sourcecode.c.h; path = Interpreter.h; sourceTree = "<group>"; };
		C83C461E1AB7415300879893 /* Joint.cpp */ = {isa = PBXFileReference; lastKnownFileType = sourcecode.cpp.cpp; path = Joint.cpp; sourceTree = "<group>"; };
		C83C461F1AB7415300879893 /* Joint.h */ = {isa = PBXFileReference; lastKnownFileType = sourcecode.c.h; path = Joint.h; sourceTree = "<group>"; };
		C83C46201AB7415300879893 /* Skeleton.cpp */ = {isa = PBXFileReference; lastKnownFileType = sourcecode.cpp.cpp; path = Skeleton.cpp; sourceTree = "<group>"; };
		C83C46211AB7415300879893 /* Skeleton.h */ = {isa = PBXFileReference; lastKnownFileType = sourcecode.c.h; path = Skeleton.h; sourceTree = "<group>"; };
		C83C46231AB7415300879893 /* Gesture.h */ = {isa = PBXFileReference; lastKnownFileType = sourcecode.c.h; path = Gesture.h; sourceTree = "<group>"; };
		C83C46241AB7415300879893 /* Logger.cpp */ = {isa = PBXFileReference; lastKnownFileType = sourcecode.cpp.cpp; path = Logger.cpp; sourceTree = "<group>"; };
		C83C46251AB7415300879893 /* Logger.h */ = {isa = PBXFileReference; lastKnownFileType = sourcecode.c.h; path = Logger.h; sourceTree = "<group>"; };
		C83C46261AB7415300879893 /* Mapper.cpp */ = {isa = PBXFileReference; lastKnownFileType = sourcecode.cpp.cpp; path = Mapper.cpp; sourceTree = "<group>"; };
		C83C46271AB7415300879893 /* Mapper.h */ = {isa = PBXFileReference; lastKnownFileType = sourcecode.c.h; path = Mapper.h; sourceTree = "<group>"; };
		C83C46281AB7415300879893 /* Parser.cpp */ = {isa = PBXFileReference; lastKnownFileType = sourcecode.cpp.cpp; path = Parser.cpp; sourceTree = "<group>"; };
		C83C46291AB7415300879893 /* Parser.h */ = {isa = PBXFileReference; lastKnownFileType = sourcecode.c.h; path = Parser.h; sourceTree = "<group>"; };
		C83C462B1AB7415300879893 /* BodyRenderer.cpp */ = {isa = PBXFileReference; lastKnownFileType = sourcecode.cpp.cpp; path = BodyRenderer.cpp; sourceTree = "<group>"; };
		C83C462C1AB7415300879893 /* BodyRenderer.h */ = {isa = PBXFileReference; lastKnownFileType = sourcecode.c.h; path = BodyRenderer.h; sourceTree = "<group>"; };
		C83C462D1AB7415300879893 /* ofxKinectV2OSC.cpp */ = {isa = PBXFileReference; lastKnownFileType = sourcecode.cpp.cpp; path = ofxKinectV2OSC.cpp; sourceTree = "<group>"; };
		C83C462E1AB7415300879893 /* ofxKinectV2OSC.h */ = {isa = PBXFileReference; lastKnownFileType = sourcecode.c.h; path = ofxKinectV2OSC.h; sourceTree = "<group>"; };
		C83C463A1AB7415B00879893 /* ofxOsc.h */ = {isa = PBXFileReference; lastKnownFileType = sourcecode.c.h; path = ofxOsc.h; sourceTree = "<group>"; };
		C83C463B1AB7415B00879893 /* ofxOscArg.h */ = {isa = PBXFileReference; lastKnownFileType = sourcecode.c.h; path = ofxOscArg.h; sourceTree = "<group>"; };
		C83C463C1AB7415B00879893 /* ofxOscBundle.cpp */ = {isa = PBXFileReference; lastKnownFileType = sourcecode.cpp.cpp; path = ofxOscBundle.cpp; sourceTree = "<group>"; };
		C83C463D1AB7415B00879893 /* ofxOscBundle.h */ = {isa = PBXFileReference; lastKnownFileType = sourcecode.c.h; path = ofxOscBundle.h; sourceTree = "<group>"; };
		C83C463E1AB7415B00879893 /* ofxOscMessage.cpp */ = {isa = PBXFileReference; lastKnownFileType = sourcecode.cpp.cpp; path = ofxOscMessage.cpp; sourceTree = "<group>"; };
		C83C463F1AB7415B00879893 /* ofxOscMessage.h */ = {isa = PBXFileReference; lastKnownFileType = sourcecode.c.h; path = ofxOscMessage.h; sourceTree = "<group>"; };
		C83C46401AB7415B00879893 /* ofxOscParameterSync.cpp */ = {isa = PBXFileReference; lastKnownFileType = sourcecode.cpp.cpp; path = ofxOscParameterSync.cpp; sourceTree = "<group>"; };
		C83C46411AB7415B00879893 /* ofxOscParameterSync.h */ = {isa = PBXFileReference; lastKnownFileType = sourcecode.c.h; path = ofxOscParameterSync.h; sourceTree = "<group>"; };
		C83C46421AB7415B00879893 /* ofxOscReceiver.cpp */ = {isa = PBXFileReference; lastKnownFileType = sourcecode.cpp.cpp; path = ofxOscReceiver.cpp; sourceTree = "<group>"; };
		C83C46431AB7415B00879893 /* ofxOscReceiver.h */ = {isa = PBXFileReference; lastKnownFileType = sourcecode.c.h; path = ofxOscReceiver.h; sourceTree = "<group>"; };
		C83C46441AB7415B00879893 /* ofxOscSender.cpp */ = {isa = PBXFileReference; lastKnownFileType = sourcecode.cpp.cpp; path = ofxOscSender.cpp; sourceTree = "<group>"; };
		C83C46451AB7415B00879893 /* ofxOscSender.h */ = {isa = PBXFileReference; lastKnownFileType = sourcecode.c.h; path = ofxOscSender.h; sourceTree = "<group>"; };
		C83C464A1AB7415B00879893 /* IpEndpointName.cpp */ = {isa = PBXFileReference; lastKnownFileType = sourcecode.cpp.cpp; path = IpEndpointName.cpp; sourceTree = "<group>"; };
		C83C464B1AB7415B00879893 /* IpEndpointName.h */ = {isa = PBXFileReference; lastKnownFileType = sourcecode.c.h; path = IpEndpointName.h; sourceTree = "<group>"; };
		C83C464C1AB7415B00879893 /* NetworkingUtils.h */ = {isa = PBXFileReference; lastKnownFileType = sourcecode.c.h; path = NetworkingUtils.h; sourceTree = "<group>"; };
		C83C464D1AB7415B00879893 /* PacketListener.h */ = {isa = PBXFileReference; lastKnownFileType = sourcecode.c.h; path = PacketListener.h; sourceTree = "<group>"; };
		C83C464F1AB7415B00879893 /* NetworkingUtils.cpp */ = {isa = PBXFileReference; lastKnownFileType = sourcecode.cpp.cpp; path = NetworkingUtils.cpp; sourceTree = "<group>"; };
		C83C46501AB7415B00879893 /* UdpSocket.cpp */ = {isa = PBXFileReference; lastKnownFileType = sourcecode.cpp.cpp; path = UdpSocket.cpp; sourceTree = "<group>"; };
		C83C46511AB7415B00879893 /* TimerListener.h */ = {isa = PBXFileReference; lastKnownFileType = sourcecode.c.h; path = TimerListener.h; sourceTree = "<group>"; };
		C83C46521AB7415B00879893 /* UdpSocket.h */ = {isa = PBXFileReference; lastKnownFileType = sourcecode.c.h; path = UdpSocket.h; sourceTree = "<group>"; };
		C83C46571AB7415B00879893 /* MessageMappingOscPacketListener.h */ = {isa = PBXFileReference; lastKnownFileType = sourcecode.c.h; path = MessageMappingOscPacketListener.h; sourceTree = "<group>"; };
		C83C46581AB7415B00879893 /* OscException.h */ = {isa = PBXFileReference; lastKnownFileType = sourcecode.c.h; path = OscException.h; sourceTree = "<group>"; };
		C83C46591AB7415B00879893 /* OscHostEndianness.h */ = {isa = PBXFileReference; lastKnownFileType = sourcecode.c.h; path = OscHostEndianness.h; sourceTree = "<group>"; };
		C83C465A1AB7415B00879893 /* OscOutboundPacketStream.cpp */ = {isa = PBXFileReference; lastKnownFileType = sourcecode.cpp.cpp; path = OscOutboundPacketStream.cpp; sourceTree = "<group>"; };
		C83C465B1AB7415B00879893 /* OscOutboundPacketStream.h */ = {isa = PBXFileReference; lastKnownFileType = sourcecode.c.h; path = OscOutboundPacketStream.h; sourceTree = "<group>"; };
		C83C465C1AB7415B00879893 /* OscPacketListener.h */ = {isa = PBXFileReference; lastKnownFileType = sourcecode.c.h; path = OscPacketListener.h; sourceTree = "<group>"; };
		C83C465D1AB7415B00879893 /* OscPrintReceivedElements.cpp */ = {isa = PBXFileReference; lastKnownFileType = sourcecode.cpp.cpp; path = OscPrintReceivedElements.cpp; sourceTree = "<group>"; };
		C83C465E1AB7415B00879893 /* OscPrintReceivedElements.h */ = {isa = PBXFileReference; lastKnownFileType = sourcecode.c.h; path = OscPrintReceivedElements.h; sourceTree = "<group>"; };
		C83C465F1AB7415B00879893 /* OscReceivedElements.cpp */ = {isa = PBXFileReference; lastKnownFileType = sourcecode.cpp.cpp; path = OscReceivedElements.cpp; sourceTree = "<group>"; };
		C83C46601AB7415B00879893 /* OscReceivedElements.h */ = {isa = PBXFileReference; lastKnownFileType = sourcecode.c.h; path = OscReceivedElements.h; sourceTree = "<group>"; };
		C83C46611AB7415B00879893 /* OscTypes.cpp */ = {isa = PBXFileReference; lastKnownFileType = sourcecode.cpp.cpp; path = OscTypes.cpp; sourceTree = "<group>"; };
		C83C46621AB7415B00879893 /* OscTypes.h */ = {isa = PBXFileReference; lastKnownFileType = sourcecode.c.h; path = OscTypes.h; sourceTree = "<group>"; };
		C83C46781AB7416F00879893 /* ofxHistoryPlot.cpp */ = {isa = PBXFileReference; lastKnownFileType = sourcecode.cpp.cpp; path = ofxHistoryPlot.cpp; sourceTree = "<group>"; };
		C83C46791AB7416F00879893 /* ofxHistoryPlot.h */ = {isa = PBXFileReference; lastKnownFileType = sourcecode.c.h; path = ofxHistoryPlot.h; sourceTree = "<group>"; };
		C847E16B1AE5EBC40053F5C4 /* kinectBody.cpp */ = {isa = PBXFileReference; fileEncoding = 4; lastKnownFileType = sourcecode.cpp.cpp; path = kinectBody.cpp; sourceTree = "<group>"; };
		C847E16C1AE5EBC40053F5C4 /* kinectBody.h */ = {isa = PBXFileReference; fileEncoding = 4; lastKnownFileType = sourcecode.c.h; path = kinectBody.h; sourceTree = "<group>"; };
		C847E16D1AE5EBC40053F5C4 /* kinectBodyAnalyser.cpp */ = {isa = PBXFileReference; fileEncoding = 4; lastKnownFileType = sourcecode.cpp.cpp; path = kinectBodyAnalyser.cpp; sourceTree = "<group>"; };
		C847E16E1AE5EBC40053F5C4 /* kinectBodyAnalyser.h */ = {isa = PBXFileReference; fileEncoding = 4; lastKnownFileType = sourcecode.c.h; path = kinectBodyAnalyser.h; sourceTree = "<group>"; };
		C847E16F1AE5EBC40053F5C4 /* kinectButton.cpp */ = {isa = PBXFileReference; fileEncoding = 4; lastKnownFileType = sourcecode.cpp.cpp; path = kinectButton.cpp; sourceTree = "<group>"; };
		C847E1701AE5EBC40053F5C4 /* kinectButton.h */ = {isa = PBXFileReference; fileEncoding = 4; lastKnownFileType = sourcecode.c.h; path = kinectButton.h; sourceTree = "<group>"; };
		C847E1711AE5EBC40053F5C4 /* kinectSkeleton.cpp */ = {isa = PBXFileReference; fileEncoding = 4; lastKnownFileType = sourcecode.cpp.cpp; path = kinectSkeleton.cpp; sourceTree = "<group>"; };
		C847E1721AE5EBC40053F5C4 /* kinectSkeleton.h */ = {isa = PBXFileReference; fileEncoding = 4; lastKnownFileType = sourcecode.c.h; path = kinectSkeleton.h; sourceTree = "<group>"; };
		C847E1731AE5EBC40053F5C4 /* kinectSkeletonAnalyser.cpp */ = {isa = PBXFileReference; fileEncoding = 4; lastKnownFileType = sourcecode.cpp.cpp; path = kinectSkeletonAnalyser.cpp; sourceTree = "<group>"; };
		C847E1741AE5EBC40053F5C4 /* kinectSkeletonAnalyser.h */ = {isa = PBXFileReference; fileEncoding = 4; lastKnownFileType = sourcecode.c.h; path = kinectSkeletonAnalyser.h; sourceTree = "<group>"; };
		C847E1751AE5EBC40053F5C4 /* kinectSkeletonLayout.cpp */ = {isa = PBXFileReference; fileEncoding = 4; lastKnownFileType = sourcecode.cpp.cpp; path = kinectSkeletonLayout.cpp; sourceTree = "<group>"; };
		C847E1761AE5EBC40053F5C4 /* kinectSkeletonLayout.h */ = {isa = PBXFileReference; fileEncoding = 4; lastKnownFileType = sourcecode.c.h; path = kinectSkeletonLayout.h; sourceTree = "<group>"; };
		C847E1801AE5EBD40053F5C4 /* Grid.h */ = {isa = PBXFileReference; fileEncoding = 4; lastKnownFileType = sourcecode.c.h; path = Grid.h; sourceTree = "<group>"; };
		C847E1811AE5EBD40053F5C4 /* gridInfo.cpp */ = {isa = PBXFileReference; fileEncoding = 4; lastKnownFileType = sourcecode.cpp.cpp; path = gridInfo.cpp; sourceTree = "<group>"; };
		C847E1821AE5EBD40053F5C4 /* gridInfo.h */ = {isa = PBXFileReference; fileEncoding = 4; lastKnownFileType = sourcecode.c.h; path = gridInfo.h; sourceTree = "<group>"; };
		C847E1831AE5EBD40053F5C4 /* prng_engine.hh */ = {isa = PBXFileReference; fileEncoding = 4; lastKnownFileType = sourcecode.cpp.h; path = prng_engine.hh; sourceTree = "<group>"; };
		C847E1841AE5EBD40053F5C4 /* traveler.cpp */ = {isa = PBXFileReference; fileEncoding = 4; lastKnownFileType = sourcecode.cpp.cpp; path = traveler.cpp; sourceTree = "<group>"; };
		C847E1851AE5EBD40053F5C4 /* traveler.h */ = {isa = PBXFileReference; fileEncoding = 4; lastKnownFileType = sourcecode.c.h; path = traveler.h; sourceTree = "<group>"; };
		C847E1861AE5EBD40053F5C4 /* tvScreen.cpp */ = {isa = PBXFileReference; fileEncoding = 4; lastKnownFileType = sourcecode.cpp.cpp; path = tvScreen.cpp; sourceTree = "<group>"; };
		C847E1871AE5EBD40053F5C4 /* tvScreen.h */ = {isa = PBXFileReference; fileEncoding = 4; lastKnownFileType = sourcecode.c.h; path = tvScreen.h; sourceTree = "<group>"; };
		C847E18C1AE5EBE30053F5C4 /* TVView.cpp */ = {isa = PBXFileReference; fileEncoding = 4; lastKnownFileType = sourcecode.cpp.cpp; name = TVView.cpp; path = ../../sharedCode/views/TVView.cpp; sourceTree = "<group>"; };
		C847E18D1AE5EBE30053F5C4 /* TVView.h */ = {isa = PBXFileReference; fileEncoding = 4; lastKnownFileType = sourcecode.c.h; name = TVView.h; path = ../../sharedCode/views/TVView.h; sourceTree = "<group>"; };
		C847E1901AE5EBFD0053F5C4 /* AppSettings.cpp */ = {isa = PBXFileReference; fileEncoding = 4; lastKnownFileType = sourcecode.cpp.cpp; path = AppSettings.cpp; sourceTree = "<group>"; };
		C847E1911AE5EBFD0053F5C4 /* AppSettings.h */ = {isa = PBXFileReference; fileEncoding = 4; lastKnownFileType = sourcecode.c.h; path = AppSettings.h; sourceTree = "<group>"; };
		C847E1921AE5EBFD0053F5C4 /* fixed_deque.h */ = {isa = PBXFileReference; fileEncoding = 4; lastKnownFileType = sourcecode.c.h; path = fixed_deque.h; sourceTree = "<group>"; };
		C847E1931AE5EBFD0053F5C4 /* Graph.cpp */ = {isa = PBXFileReference; fileEncoding = 4; lastKnownFileType = sourcecode.cpp.cpp; path = Graph.cpp; sourceTree = "<group>"; };
		C847E1941AE5EBFD0053F5C4 /* Graph.h */ = {isa = PBXFileReference; fileEncoding = 4; lastKnownFileType = sourcecode.c.h; path = Graph.h; sourceTree = "<group>"; };
		C847E1951AE5EBFD0053F5C4 /* LocalAddressGrabber.h */ = {isa = PBXFileReference; fileEncoding = 4; lastKnownFileType = sourcecode.c.h; path = LocalAddressGrabber.h; sourceTree = "<group>"; };
		C847E1961AE5EBFD0053F5C4 /* OrthoCamera.cpp */ = {isa = PBXFileReference; fileEncoding = 4; lastKnownFileType = sourcecode.cpp.cpp; path = OrthoCamera.cpp; sourceTree = "<group>"; };
		C847E1971AE5EBFD0053F5C4 /* OrthoCamera.h */ = {isa = PBXFileReference; fileEncoding = 4; lastKnownFileType = sourcecode.c.h; path = OrthoCamera.h; sourceTree = "<group>"; };
		C847E1981AE5EBFD0053F5C4 /* singleton.h */ = {isa = PBXFileReference; fileEncoding = 4; lastKnownFileType = sourcecode.c.h; path = singleton.h; sourceTree = "<group>"; };
		C847E19E1AE5EC080053F5C4 /* ofxBaseGui.cpp */ = {isa = PBXFileReference; lastKnownFileType = sourcecode.cpp.cpp; path = ofxBaseGui.cpp; sourceTree = "<group>"; };
		C847E19F1AE5EC080053F5C4 /* ofxBaseGui.h */ = {isa = PBXFileReference; lastKnownFileType = sourcecode.c.h; path = ofxBaseGui.h; sourceTree = "<group>"; };
		C847E1A01AE5EC080053F5C4 /* ofxButton.cpp */ = {isa = PBXFileReference; lastKnownFileType = sourcecode.cpp.cpp; path = ofxButton.cpp; sourceTree = "<group>"; };
		C847E1A11AE5EC080053F5C4 /* ofxButton.h */ = {isa = PBXFileReference; lastKnownFileType = sourcecode.c.h; path = ofxButton.h; sourceTree = "<group>"; };
		C847E1A21AE5EC080053F5C4 /* ofxGui.h */ = {isa = PBXFileReference; lastKnownFileType = sourcecode.c.h; path = ofxGui.h; sourceTree = "<group>"; };
		C847E1A31AE5EC080053F5C4 /* ofxGuiGroup.cpp */ = {isa = PBXFileReference; lastKnownFileType = sourcecode.cpp.cpp; path = ofxGuiGroup.cpp; sourceTree = "<group>"; };
		C847E1A41AE5EC080053F5C4 /* ofxGuiGroup.h */ = {isa = PBXFileReference; lastKnownFileType = sourcecode.c.h; path = ofxGuiGroup.h; sourceTree = "<group>"; };
		C847E1A51AE5EC080053F5C4 /* ofxLabel.cpp */ = {isa = PBXFileReference; lastKnownFileType = sourcecode.cpp.cpp; path = ofxLabel.cpp; sourceTree = "<group>"; };
		C847E1A61AE5EC080053F5C4 /* ofxLabel.h */ = {isa = PBXFileReference; lastKnownFileType = sourcecode.c.h; path = ofxLabel.h; sourceTree = "<group>"; };
		C847E1A71AE5EC080053F5C4 /* ofxPanel.cpp */ = {isa = PBXFileReference; lastKnownFileType = sourcecode.cpp.cpp; path = ofxPanel.cpp; sourceTree = "<group>"; };
		C847E1A81AE5EC080053F5C4 /* ofxPanel.h */ = {isa = PBXFileReference; lastKnownFileType = sourcecode.c.h; path = ofxPanel.h; sourceTree = "<group>"; };
		C847E1A91AE5EC080053F5C4 /* ofxSlider.cpp */ = {isa = PBXFileReference; lastKnownFileType = sourcecode.cpp.cpp; path = ofxSlider.cpp; sourceTree = "<group>"; };
		C847E1AA1AE5EC080053F5C4 /* ofxSlider.h */ = {isa = PBXFileReference; lastKnownFileType = sourcecode.c.h; path = ofxSlider.h; sourceTree = "<group>"; };
		C847E1AB1AE5EC080053F5C4 /* ofxSliderGroup.cpp */ = {isa = PBXFileReference; lastKnownFileType = sourcecode.cpp.cpp; path = ofxSliderGroup.cpp; sourceTree = "<group>"; };
		C847E1AC1AE5EC080053F5C4 /* ofxSliderGroup.h */ = {isa = PBXFileReference; lastKnownFileType = sourcecode.c.h; path = ofxSliderGroup.h; sourceTree = "<group>"; };
		C847E1AD1AE5EC080053F5C4 /* ofxToggle.cpp */ = {isa = PBXFileReference; lastKnownFileType = sourcecode.cpp.cpp; path = ofxToggle.cpp; sourceTree = "<group>"; };
		C847E1AE1AE5EC080053F5C4 /* ofxToggle.h */ = {isa = PBXFileReference; lastKnownFileType = sourcecode.c.h; path = ofxToggle.h; sourceTree = "<group>"; };
		E4328143138ABC890047C5CB /* openFrameworksLib.xcodeproj */ = {isa = PBXFileReference; lastKnownFileType = "wrapper.pb-project"; name = openFrameworksLib.xcodeproj; path = ../../../libs/openFrameworksCompiled/project/osx/openFrameworksLib.xcodeproj; sourceTree = SOURCE_ROOT; };
		E45BE9710E8CC7DD009D7055 /* AGL.framework */ = {isa = PBXFileReference; lastKnownFileType = wrapper.framework; name = AGL.framework; path = /System/Library/Frameworks/AGL.framework; sourceTree = "<absolute>"; };
		E45BE9720E8CC7DD009D7055 /* ApplicationServices.framework */ = {isa = PBXFileReference; lastKnownFileType = wrapper.framework; name = ApplicationServices.framework; path = /System/Library/Frameworks/ApplicationServices.framework; sourceTree = "<absolute>"; };
		E45BE9730E8CC7DD009D7055 /* AudioToolbox.framework */ = {isa = PBXFileReference; lastKnownFileType = wrapper.framework; name = AudioToolbox.framework; path = /System/Library/Frameworks/AudioToolbox.framework; sourceTree = "<absolute>"; };
		E45BE9750E8CC7DD009D7055 /* CoreAudio.framework */ = {isa = PBXFileReference; lastKnownFileType = wrapper.framework; name = CoreAudio.framework; path = /System/Library/Frameworks/CoreAudio.framework; sourceTree = "<absolute>"; };
		E45BE9760E8CC7DD009D7055 /* CoreFoundation.framework */ = {isa = PBXFileReference; lastKnownFileType = wrapper.framework; name = CoreFoundation.framework; path = /System/Library/Frameworks/CoreFoundation.framework; sourceTree = "<absolute>"; };
		E45BE9770E8CC7DD009D7055 /* CoreServices.framework */ = {isa = PBXFileReference; lastKnownFileType = wrapper.framework; name = CoreServices.framework; path = /System/Library/Frameworks/CoreServices.framework; sourceTree = "<absolute>"; };
		E45BE9790E8CC7DD009D7055 /* OpenGL.framework */ = {isa = PBXFileReference; lastKnownFileType = wrapper.framework; name = OpenGL.framework; path = /System/Library/Frameworks/OpenGL.framework; sourceTree = "<absolute>"; };
		E45BE97A0E8CC7DD009D7055 /* QuickTime.framework */ = {isa = PBXFileReference; lastKnownFileType = wrapper.framework; name = QuickTime.framework; path = /System/Library/Frameworks/QuickTime.framework; sourceTree = "<absolute>"; };
		E4B69B5B0A3A1756003C02F2 /* tvDebugDebug.app */ = {isa = PBXFileReference; explicitFileType = wrapper.application; includeInIndex = 0; path = tvDebugDebug.app; sourceTree = BUILT_PRODUCTS_DIR; };
		E4B69E1D0A3A1BDC003C02F2 /* main.cpp */ = {isa = PBXFileReference; fileEncoding = 30; lastKnownFileType = sourcecode.cpp.cpp; name = main.cpp; path = src/main.cpp; sourceTree = SOURCE_ROOT; };
		E4B69E1E0A3A1BDC003C02F2 /* ofApp.cpp */ = {isa = PBXFileReference; explicitFileType = sourcecode.cpp.cpp; fileEncoding = 30; name = ofApp.cpp; path = src/ofApp.cpp; sourceTree = SOURCE_ROOT; };
		E4B69E1F0A3A1BDC003C02F2 /* ofApp.h */ = {isa = PBXFileReference; fileEncoding = 30; lastKnownFileType = sourcecode.c.h; name = ofApp.h; path = src/ofApp.h; sourceTree = SOURCE_ROOT; };
		E4B6FCAD0C3E899E008CF71C /* openFrameworks-Info.plist */ = {isa = PBXFileReference; fileEncoding = 30; lastKnownFileType = text.plist.xml; path = "openFrameworks-Info.plist"; sourceTree = "<group>"; };
		E4C2424410CC5A17004149E2 /* AppKit.framework */ = {isa = PBXFileReference; lastKnownFileType = wrapper.framework; name = AppKit.framework; path = /System/Library/Frameworks/AppKit.framework; sourceTree = "<absolute>"; };
		E4C2424510CC5A17004149E2 /* Cocoa.framework */ = {isa = PBXFileReference; lastKnownFileType = wrapper.framework; name = Cocoa.framework; path = /System/Library/Frameworks/Cocoa.framework; sourceTree = "<absolute>"; };
		E4C2424610CC5A17004149E2 /* IOKit.framework */ = {isa = PBXFileReference; lastKnownFileType = wrapper.framework; name = IOKit.framework; path = /System/Library/Frameworks/IOKit.framework; sourceTree = "<absolute>"; };
		E4EB691F138AFCF100A09F29 /* CoreOF.xcconfig */ = {isa = PBXFileReference; fileEncoding = 4; lastKnownFileType = text.xcconfig; name = CoreOF.xcconfig; path = ../../../libs/openFrameworksCompiled/project/osx/CoreOF.xcconfig; sourceTree = SOURCE_ROOT; };
		E4EB6923138AFD0F00A09F29 /* Project.xcconfig */ = {isa = PBXFileReference; fileEncoding = 4; lastKnownFileType = text.xcconfig; path = Project.xcconfig; sourceTree = "<group>"; };
		E7E077E415D3B63C0020DFD4 /* CoreVideo.framework */ = {isa = PBXFileReference; lastKnownFileType = wrapper.framework; name = CoreVideo.framework; path = /System/Library/Frameworks/CoreVideo.framework; sourceTree = "<absolute>"; };
		E7E077E715D3B6510020DFD4 /* QTKit.framework */ = {isa = PBXFileReference; lastKnownFileType = wrapper.framework; name = QTKit.framework; path = /System/Library/Frameworks/QTKit.framework; sourceTree = "<absolute>"; };
		E7F985F515E0DE99003869B5 /* Accelerate.framework */ = {isa = PBXFileReference; lastKnownFileType = wrapper.framework; name = Accelerate.framework; path = /System/Library/Frameworks/Accelerate.framework; sourceTree = "<absolute>"; };
/* End PBXFileReference section */

/* Begin PBXFrameworksBuildPhase section */
		E4B69B590A3A1756003C02F2 /* Frameworks */ = {
			isa = PBXFrameworksBuildPhase;
			buildActionMask = 2147483647;
			files = (
				E7F985F815E0DEA3003869B5 /* Accelerate.framework in Frameworks */,
				E7E077E815D3B6510020DFD4 /* QTKit.framework in Frameworks */,
				E4EB6799138ADC1D00A09F29 /* GLUT.framework in Frameworks */,
				E4328149138ABC9F0047C5CB /* openFrameworksDebug.a in Frameworks */,
				E45BE97B0E8CC7DD009D7055 /* AGL.framework in Frameworks */,
				E45BE97C0E8CC7DD009D7055 /* ApplicationServices.framework in Frameworks */,
				E45BE97D0E8CC7DD009D7055 /* AudioToolbox.framework in Frameworks */,
				E45BE97F0E8CC7DD009D7055 /* CoreAudio.framework in Frameworks */,
				E45BE9800E8CC7DD009D7055 /* CoreFoundation.framework in Frameworks */,
				E45BE9810E8CC7DD009D7055 /* CoreServices.framework in Frameworks */,
				E45BE9830E8CC7DD009D7055 /* OpenGL.framework in Frameworks */,
				E45BE9840E8CC7DD009D7055 /* QuickTime.framework in Frameworks */,
				E4C2424710CC5A17004149E2 /* AppKit.framework in Frameworks */,
				E4C2424810CC5A17004149E2 /* Cocoa.framework in Frameworks */,
				E4C2424910CC5A17004149E2 /* IOKit.framework in Frameworks */,
				E7E077E515D3B63C0020DFD4 /* CoreVideo.framework in Frameworks */,
			);
			runOnlyForDeploymentPostprocessing = 0;
		};
/* End PBXFrameworksBuildPhase section */

/* Begin PBXGroup section */
		BB4B014C10F69532006C3DED /* addons */ = {
			isa = PBXGroup;
			children = (
				C83C46761AB7416F00879893 /* ofxHistoryPlot */,
				C83C46381AB7415B00879893 /* ofxOsc */,
				C83C46171AB7415300879893 /* ofxKinectV2-OSC */,
				C847E19C1AE5EC080053F5C4 /* ofxGui */,
			);
			name = addons;
			sourceTree = "<group>";
		};
		BBAB23C913894ECA00AA2426 /* system frameworks */ = {
			isa = PBXGroup;
			children = (
				E7F985F515E0DE99003869B5 /* Accelerate.framework */,
				E4C2424410CC5A17004149E2 /* AppKit.framework */,
				E4C2424510CC5A17004149E2 /* Cocoa.framework */,
				E4C2424610CC5A17004149E2 /* IOKit.framework */,
				E45BE9710E8CC7DD009D7055 /* AGL.framework */,
				E45BE9720E8CC7DD009D7055 /* ApplicationServices.framework */,
				E45BE9730E8CC7DD009D7055 /* AudioToolbox.framework */,
				E45BE9750E8CC7DD009D7055 /* CoreAudio.framework */,
				E45BE9760E8CC7DD009D7055 /* CoreFoundation.framework */,
				E45BE9770E8CC7DD009D7055 /* CoreServices.framework */,
				E45BE9790E8CC7DD009D7055 /* OpenGL.framework */,
				E45BE97A0E8CC7DD009D7055 /* QuickTime.framework */,
				E7E077E415D3B63C0020DFD4 /* CoreVideo.framework */,
				E7E077E715D3B6510020DFD4 /* QTKit.framework */,
			);
			name = "system frameworks";
			sourceTree = "<group>";
		};
		BBAB23CA13894EDB00AA2426 /* 3rd party frameworks */ = {
			isa = PBXGroup;
			children = (
				BBAB23BE13894E4700AA2426 /* GLUT.framework */,
			);
			name = "3rd party frameworks";
			sourceTree = "<group>";
		};
		C83C46171AB7415300879893 /* ofxKinectV2-OSC */ = {
			isa = PBXGroup;
			children = (
				C83C46181AB7415300879893 /* src */,
			);
			name = "ofxKinectV2-OSC";
			sourceTree = "<group>";
		};
		C83C46181AB7415300879893 /* src */ = {
			isa = PBXGroup;
			children = (
				C83C46191AB7415300879893 /* Body */,
				C83C46221AB7415300879893 /* DataTransform */,
				C83C462A1AB7415300879893 /* Draw */,
				C83C462D1AB7415300879893 /* ofxKinectV2OSC.cpp */,
				C83C462E1AB7415300879893 /* ofxKinectV2OSC.h */,
			);
			name = src;
			path = "../../../addons/ofxKinectV2-OSC/src";
			sourceTree = "<group>";
		};
		C83C46191AB7415300879893 /* Body */ = {
			isa = PBXGroup;
			children = (
				C83C461A1AB7415300879893 /* Hand.cpp */,
				C83C461B1AB7415300879893 /* Hand.h */,
				C83C461C1AB7415300879893 /* Interpreter.cpp */,
				C83C461D1AB7415300879893 /* Interpreter.h */,
				C83C461E1AB7415300879893 /* Joint.cpp */,
				C83C461F1AB7415300879893 /* Joint.h */,
				C83C46201AB7415300879893 /* Skeleton.cpp */,
				C83C46211AB7415300879893 /* Skeleton.h */,
			);
			path = Body;
			sourceTree = "<group>";
		};
		C83C46221AB7415300879893 /* DataTransform */ = {
			isa = PBXGroup;
			children = (
				C83C46231AB7415300879893 /* Gesture.h */,
				C83C46241AB7415300879893 /* Logger.cpp */,
				C83C46251AB7415300879893 /* Logger.h */,
				C83C46261AB7415300879893 /* Mapper.cpp */,
				C83C46271AB7415300879893 /* Mapper.h */,
				C83C46281AB7415300879893 /* Parser.cpp */,
				C83C46291AB7415300879893 /* Parser.h */,
			);
			path = DataTransform;
			sourceTree = "<group>";
		};
		C83C462A1AB7415300879893 /* Draw */ = {
			isa = PBXGroup;
			children = (
				C83C462B1AB7415300879893 /* BodyRenderer.cpp */,
				C83C462C1AB7415300879893 /* BodyRenderer.h */,
			);
			path = Draw;
			sourceTree = "<group>";
		};
		C83C46381AB7415B00879893 /* ofxOsc */ = {
			isa = PBXGroup;
			children = (
				C83C46391AB7415B00879893 /* src */,
				C83C46461AB7415B00879893 /* libs */,
			);
			name = ofxOsc;
			sourceTree = "<group>";
		};
		C83C46391AB7415B00879893 /* src */ = {
			isa = PBXGroup;
			children = (
				C83C463A1AB7415B00879893 /* ofxOsc.h */,
				C83C463B1AB7415B00879893 /* ofxOscArg.h */,
				C83C463C1AB7415B00879893 /* ofxOscBundle.cpp */,
				C83C463D1AB7415B00879893 /* ofxOscBundle.h */,
				C83C463E1AB7415B00879893 /* ofxOscMessage.cpp */,
				C83C463F1AB7415B00879893 /* ofxOscMessage.h */,
				C83C46401AB7415B00879893 /* ofxOscParameterSync.cpp */,
				C83C46411AB7415B00879893 /* ofxOscParameterSync.h */,
				C83C46421AB7415B00879893 /* ofxOscReceiver.cpp */,
				C83C46431AB7415B00879893 /* ofxOscReceiver.h */,
				C83C46441AB7415B00879893 /* ofxOscSender.cpp */,
				C83C46451AB7415B00879893 /* ofxOscSender.h */,
			);
			name = src;
			path = ../../../addons/ofxOsc/src;
			sourceTree = "<group>";
		};
		C83C46461AB7415B00879893 /* libs */ = {
			isa = PBXGroup;
			children = (
				C83C46471AB7415B00879893 /* oscpack */,
			);
			name = libs;
			path = ../../../addons/ofxOsc/libs;
			sourceTree = "<group>";
		};
		C83C46471AB7415B00879893 /* oscpack */ = {
			isa = PBXGroup;
			children = (
				C83C46481AB7415B00879893 /* src */,
			);
			path = oscpack;
			sourceTree = "<group>";
		};
		C83C46481AB7415B00879893 /* src */ = {
			isa = PBXGroup;
			children = (
				C83C46491AB7415B00879893 /* ip */,
				C83C46561AB7415B00879893 /* osc */,
			);
			path = src;
			sourceTree = "<group>";
		};
		C83C46491AB7415B00879893 /* ip */ = {
			isa = PBXGroup;
			children = (
				C83C464A1AB7415B00879893 /* IpEndpointName.cpp */,
				C83C464B1AB7415B00879893 /* IpEndpointName.h */,
				C83C464C1AB7415B00879893 /* NetworkingUtils.h */,
				C83C464D1AB7415B00879893 /* PacketListener.h */,
				C83C464E1AB7415B00879893 /* posix */,
				C83C46511AB7415B00879893 /* TimerListener.h */,
				C83C46521AB7415B00879893 /* UdpSocket.h */,
			);
			path = ip;
			sourceTree = "<group>";
		};
		C83C464E1AB7415B00879893 /* posix */ = {
			isa = PBXGroup;
			children = (
				C83C464F1AB7415B00879893 /* NetworkingUtils.cpp */,
				C83C46501AB7415B00879893 /* UdpSocket.cpp */,
			);
			path = posix;
			sourceTree = "<group>";
		};
		C83C46561AB7415B00879893 /* osc */ = {
			isa = PBXGroup;
			children = (
				C83C46571AB7415B00879893 /* MessageMappingOscPacketListener.h */,
				C83C46581AB7415B00879893 /* OscException.h */,
				C83C46591AB7415B00879893 /* OscHostEndianness.h */,
				C83C465A1AB7415B00879893 /* OscOutboundPacketStream.cpp */,
				C83C465B1AB7415B00879893 /* OscOutboundPacketStream.h */,
				C83C465C1AB7415B00879893 /* OscPacketListener.h */,
				C83C465D1AB7415B00879893 /* OscPrintReceivedElements.cpp */,
				C83C465E1AB7415B00879893 /* OscPrintReceivedElements.h */,
				C83C465F1AB7415B00879893 /* OscReceivedElements.cpp */,
				C83C46601AB7415B00879893 /* OscReceivedElements.h */,
				C83C46611AB7415B00879893 /* OscTypes.cpp */,
				C83C46621AB7415B00879893 /* OscTypes.h */,
			);
			path = osc;
			sourceTree = "<group>";
		};
		C83C46761AB7416F00879893 /* ofxHistoryPlot */ = {
			isa = PBXGroup;
			children = (
				C83C46771AB7416F00879893 /* src */,
			);
			name = ofxHistoryPlot;
			sourceTree = "<group>";
		};
		C83C46771AB7416F00879893 /* src */ = {
			isa = PBXGroup;
			children = (
				C83C46781AB7416F00879893 /* ofxHistoryPlot.cpp */,
				C83C46791AB7416F00879893 /* ofxHistoryPlot.h */,
			);
			name = src;
			path = ../../../addons/ofxHistoryPlot/src;
			sourceTree = "<group>";
		};
		C847E16A1AE5EBC40053F5C4 /* kinect */ = {
			isa = PBXGroup;
			children = (
				C847E16B1AE5EBC40053F5C4 /* kinectBody.cpp */,
				C847E16C1AE5EBC40053F5C4 /* kinectBody.h */,
				C847E16D1AE5EBC40053F5C4 /* kinectBodyAnalyser.cpp */,
				C847E16E1AE5EBC40053F5C4 /* kinectBodyAnalyser.h */,
				C847E16F1AE5EBC40053F5C4 /* kinectButton.cpp */,
				C847E1701AE5EBC40053F5C4 /* kinectButton.h */,
				C847E1711AE5EBC40053F5C4 /* kinectSkeleton.cpp */,
				C847E1721AE5EBC40053F5C4 /* kinectSkeleton.h */,
				C847E1731AE5EBC40053F5C4 /* kinectSkeletonAnalyser.cpp */,
				C847E1741AE5EBC40053F5C4 /* kinectSkeletonAnalyser.h */,
				C847E1751AE5EBC40053F5C4 /* kinectSkeletonLayout.cpp */,
				C847E1761AE5EBC40053F5C4 /* kinectSkeletonLayout.h */,
			);
			name = kinect;
			path = ../../sharedCode/kinect;
			sourceTree = "<group>";
		};
		C847E17D1AE5EBD40053F5C4 /* visuals */ = {
			isa = PBXGroup;
			children = (
				C847E1801AE5EBD40053F5C4 /* Grid.h */,
				C847E1811AE5EBD40053F5C4 /* gridInfo.cpp */,
				C847E1821AE5EBD40053F5C4 /* gridInfo.h */,
				C847E1831AE5EBD40053F5C4 /* prng_engine.hh */,
				C847E1841AE5EBD40053F5C4 /* traveler.cpp */,
				C847E1851AE5EBD40053F5C4 /* traveler.h */,
				C847E1861AE5EBD40053F5C4 /* tvScreen.cpp */,
				C847E1871AE5EBD40053F5C4 /* tvScreen.h */,
			);
			name = visuals;
			path = ../../sharedCode/visuals;
			sourceTree = "<group>";
		};
		C847E18F1AE5EBFD0053F5C4 /* utils */ = {
			isa = PBXGroup;
			children = (
				C847E1901AE5EBFD0053F5C4 /* AppSettings.cpp */,
				C847E1911AE5EBFD0053F5C4 /* AppSettings.h */,
				C847E1921AE5EBFD0053F5C4 /* fixed_deque.h */,
				C847E1931AE5EBFD0053F5C4 /* Graph.cpp */,
				C847E1941AE5EBFD0053F5C4 /* Graph.h */,
				C847E1951AE5EBFD0053F5C4 /* LocalAddressGrabber.h */,
				C847E1961AE5EBFD0053F5C4 /* OrthoCamera.cpp */,
				C847E1971AE5EBFD0053F5C4 /* OrthoCamera.h */,
				C847E1981AE5EBFD0053F5C4 /* singleton.h */,
			);
			name = utils;
			path = ../../sharedCode/utils;
			sourceTree = "<group>";
		};
		C847E19C1AE5EC080053F5C4 /* ofxGui */ = {
			isa = PBXGroup;
			children = (
				C847E19D1AE5EC080053F5C4 /* src */,
			);
			name = ofxGui;
			sourceTree = "<group>";
		};
		C847E19D1AE5EC080053F5C4 /* src */ = {
			isa = PBXGroup;
			children = (
				C847E19E1AE5EC080053F5C4 /* ofxBaseGui.cpp */,
				C847E19F1AE5EC080053F5C4 /* ofxBaseGui.h */,
				C847E1A01AE5EC080053F5C4 /* ofxButton.cpp */,
				C847E1A11AE5EC080053F5C4 /* ofxButton.h */,
				C847E1A21AE5EC080053F5C4 /* ofxGui.h */,
				C847E1A31AE5EC080053F5C4 /* ofxGuiGroup.cpp */,
				C847E1A41AE5EC080053F5C4 /* ofxGuiGroup.h */,
				C847E1A51AE5EC080053F5C4 /* ofxLabel.cpp */,
				C847E1A61AE5EC080053F5C4 /* ofxLabel.h */,
				C847E1A71AE5EC080053F5C4 /* ofxPanel.cpp */,
				C847E1A81AE5EC080053F5C4 /* ofxPanel.h */,
				C847E1A91AE5EC080053F5C4 /* ofxSlider.cpp */,
				C847E1AA1AE5EC080053F5C4 /* ofxSlider.h */,
				C847E1AB1AE5EC080053F5C4 /* ofxSliderGroup.cpp */,
				C847E1AC1AE5EC080053F5C4 /* ofxSliderGroup.h */,
				C847E1AD1AE5EC080053F5C4 /* ofxToggle.cpp */,
				C847E1AE1AE5EC080053F5C4 /* ofxToggle.h */,
			);
			name = src;
			path = ../../../addons/ofxGui/src;
			sourceTree = "<group>";
		};
		E4328144138ABC890047C5CB /* Products */ = {
			isa = PBXGroup;
			children = (
				E4328148138ABC890047C5CB /* openFrameworksDebug.a */,
			);
			name = Products;
			sourceTree = "<group>";
		};
		E45BE5980E8CC70C009D7055 /* frameworks */ = {
			isa = PBXGroup;
			children = (
				BBAB23CA13894EDB00AA2426 /* 3rd party frameworks */,
				BBAB23C913894ECA00AA2426 /* system frameworks */,
			);
			name = frameworks;
			sourceTree = "<group>";
		};
		E4B69B4A0A3A1720003C02F2 = {
			isa = PBXGroup;
			children = (
				E4B6FCAD0C3E899E008CF71C /* openFrameworks-Info.plist */,
				E4EB6923138AFD0F00A09F29 /* Project.xcconfig */,
				E4B69E1C0A3A1BDC003C02F2 /* src */,
				E4EEC9E9138DF44700A80321 /* openFrameworks */,
				BB4B014C10F69532006C3DED /* addons */,
				E45BE5980E8CC70C009D7055 /* frameworks */,
				E4B69B5B0A3A1756003C02F2 /* tvDebugDebug.app */,
			);
			sourceTree = "<group>";
		};
		E4B69E1C0A3A1BDC003C02F2 /* src */ = {
			isa = PBXGroup;
			children = (
				C847E18F1AE5EBFD0053F5C4 /* utils */,
				C847E17D1AE5EBD40053F5C4 /* visuals */,
				C847E16A1AE5EBC40053F5C4 /* kinect */,
				E4B69E1D0A3A1BDC003C02F2 /* main.cpp */,
				E4B69E1E0A3A1BDC003C02F2 /* ofApp.cpp */,
				E4B69E1F0A3A1BDC003C02F2 /* ofApp.h */,
				C847E18C1AE5EBE30053F5C4 /* TVView.cpp */,
				C847E18D1AE5EBE30053F5C4 /* TVView.h */,
			);
			path = src;
			sourceTree = SOURCE_ROOT;
		};
		E4EEC9E9138DF44700A80321 /* openFrameworks */ = {
			isa = PBXGroup;
			children = (
				E4EB691F138AFCF100A09F29 /* CoreOF.xcconfig */,
				E4328143138ABC890047C5CB /* openFrameworksLib.xcodeproj */,
			);
			name = openFrameworks;
			sourceTree = "<group>";
		};
/* End PBXGroup section */

/* Begin PBXNativeTarget section */
		E4B69B5A0A3A1756003C02F2 /* tvDebug */ = {
			isa = PBXNativeTarget;
			buildConfigurationList = E4B69B5F0A3A1757003C02F2 /* Build configuration list for PBXNativeTarget "tvDebug" */;
			buildPhases = (
				E4B69B580A3A1756003C02F2 /* Sources */,
				E4B69B590A3A1756003C02F2 /* Frameworks */,
				E4B6FFFD0C3F9AB9008CF71C /* ShellScript */,
				E4C2427710CC5ABF004149E2 /* CopyFiles */,
			);
			buildRules = (
			);
			dependencies = (
				E4EEB9AC138B136A00A80321 /* PBXTargetDependency */,
			);
			name = tvDebug;
			productName = myOFApp;
			productReference = E4B69B5B0A3A1756003C02F2 /* tvDebugDebug.app */;
			productType = "com.apple.product-type.application";
		};
/* End PBXNativeTarget section */

/* Begin PBXProject section */
		E4B69B4C0A3A1720003C02F2 /* Project object */ = {
			isa = PBXProject;
			attributes = {
				LastUpgradeCheck = 0460;
			};
			buildConfigurationList = E4B69B4D0A3A1720003C02F2 /* Build configuration list for PBXProject "tvDebug" */;
			compatibilityVersion = "Xcode 3.2";
			developmentRegion = English;
			hasScannedForEncodings = 0;
			knownRegions = (
				English,
				Japanese,
				French,
				German,
			);
			mainGroup = E4B69B4A0A3A1720003C02F2;
			productRefGroup = E4B69B4A0A3A1720003C02F2;
			projectDirPath = "";
			projectReferences = (
				{
					ProductGroup = E4328144138ABC890047C5CB /* Products */;
					ProjectRef = E4328143138ABC890047C5CB /* openFrameworksLib.xcodeproj */;
				},
			);
			projectRoot = "";
			targets = (
				E4B69B5A0A3A1756003C02F2 /* tvDebug */,
			);
		};
/* End PBXProject section */

/* Begin PBXReferenceProxy section */
		E4328148138ABC890047C5CB /* openFrameworksDebug.a */ = {
			isa = PBXReferenceProxy;
			fileType = archive.ar;
			path = openFrameworksDebug.a;
			remoteRef = E4328147138ABC890047C5CB /* PBXContainerItemProxy */;
			sourceTree = BUILT_PRODUCTS_DIR;
		};
/* End PBXReferenceProxy section */

/* Begin PBXShellScriptBuildPhase section */
		E4B6FFFD0C3F9AB9008CF71C /* ShellScript */ = {
			isa = PBXShellScriptBuildPhase;
			buildActionMask = 2147483647;
			files = (
			);
			inputPaths = (
			);
			outputPaths = (
			);
			runOnlyForDeploymentPostprocessing = 0;
			shellPath = /bin/sh;
			shellScript = "cp -f ../../../libs/fmodex/lib/osx/libfmodex.dylib \"$TARGET_BUILD_DIR/$PRODUCT_NAME.app/Contents/MacOS/libfmodex.dylib\"; install_name_tool -change ./libfmodex.dylib @executable_path/libfmodex.dylib \"$TARGET_BUILD_DIR/$PRODUCT_NAME.app/Contents/MacOS/$PRODUCT_NAME\";\nmkdir -p \"$TARGET_BUILD_DIR/$PRODUCT_NAME.app/Contents/Resources/\"\ncp -f \"$ICON_FILE\" \"$TARGET_BUILD_DIR/$PRODUCT_NAME.app/Contents/Resources/\"\n";
		};
/* End PBXShellScriptBuildPhase section */

/* Begin PBXSourcesBuildPhase section */
		E4B69B580A3A1756003C02F2 /* Sources */ = {
			isa = PBXSourcesBuildPhase;
			buildActionMask = 2147483647;
			files = (
				C83C467A1AB7416F00879893 /* ofxHistoryPlot.cpp in Sources */,
				C847E19B1AE5EBFD0053F5C4 /* OrthoCamera.cpp in Sources */,
				C83C46671AB7415B00879893 /* ofxOscSender.cpp in Sources */,
				C847E17B1AE5EBC40053F5C4 /* kinectSkeletonAnalyser.cpp in Sources */,
				C83C46331AB7415300879893 /* Logger.cpp in Sources */,
				C847E1B61AE5EC080053F5C4 /* ofxToggle.cpp in Sources */,
				C83C46301AB7415300879893 /* Interpreter.cpp in Sources */,
				C847E1B41AE5EC080053F5C4 /* ofxSlider.cpp in Sources */,
				C847E18A1AE5EBD40053F5C4 /* traveler.cpp in Sources */,
				C847E1991AE5EBFD0053F5C4 /* AppSettings.cpp in Sources */,
				C83C46321AB7415300879893 /* Skeleton.cpp in Sources */,
				C847E1791AE5EBC40053F5C4 /* kinectButton.cpp in Sources */,
				C847E1B11AE5EC080053F5C4 /* ofxGuiGroup.cpp in Sources */,
				C847E17A1AE5EBC40053F5C4 /* kinectSkeleton.cpp in Sources */,
				C83C462F1AB7415300879893 /* Hand.cpp in Sources */,
				C83C46661AB7415B00879893 /* ofxOscReceiver.cpp in Sources */,
				C83C466D1AB7415B00879893 /* OscReceivedElements.cpp in Sources */,
				C83C46631AB7415B00879893 /* ofxOscBundle.cpp in Sources */,
				C83C46691AB7415B00879893 /* NetworkingUtils.cpp in Sources */,
				C847E1B21AE5EC080053F5C4 /* ofxLabel.cpp in Sources */,
				C83C46351AB7415300879893 /* Parser.cpp in Sources */,
				C847E1891AE5EBD40053F5C4 /* gridInfo.cpp in Sources */,
				C847E18B1AE5EBD40053F5C4 /* tvScreen.cpp in Sources */,
				C847E1771AE5EBC40053F5C4 /* kinectBody.cpp in Sources */,
				C83C46361AB7415300879893 /* BodyRenderer.cpp in Sources */,
				C847E1B51AE5EC080053F5C4 /* ofxSliderGroup.cpp in Sources */,
				C83C466A1AB7415B00879893 /* UdpSocket.cpp in Sources */,
				C83C466B1AB7415B00879893 /* OscOutboundPacketStream.cpp in Sources */,
				E4B69E200A3A1BDC003C02F2 /* main.cpp in Sources */,
				C847E1B31AE5EC080053F5C4 /* ofxPanel.cpp in Sources */,
				C83C46371AB7415300879893 /* ofxKinectV2OSC.cpp in Sources */,
				C847E18E1AE5EBE30053F5C4 /* TVView.cpp in Sources */,
				C83C46641AB7415B00879893 /* ofxOscMessage.cpp in Sources */,
				C83C46651AB7415B00879893 /* ofxOscParameterSync.cpp in Sources */,
				C83C46311AB7415300879893 /* Joint.cpp in Sources */,
				C847E1781AE5EBC40053F5C4 /* kinectBodyAnalyser.cpp in Sources */,
				E4B69E210A3A1BDC003C02F2 /* ofApp.cpp in Sources */,
				C83C46681AB7415B00879893 /* IpEndpointName.cpp in Sources */,
				C847E19A1AE5EBFD0053F5C4 /* Graph.cpp in Sources */,
				C83C466E1AB7415B00879893 /* OscTypes.cpp in Sources */,
				C83C46341AB7415300879893 /* Mapper.cpp in Sources */,
				C847E17C1AE5EBC40053F5C4 /* kinectSkeletonLayout.cpp in Sources */,
				C847E1AF1AE5EC080053F5C4 /* ofxBaseGui.cpp in Sources */,
				C83C466C1AB7415B00879893 /* OscPrintReceivedElements.cpp in Sources */,
				C847E1B01AE5EC080053F5C4 /* ofxButton.cpp in Sources */,
			);
			runOnlyForDeploymentPostprocessing = 0;
		};
/* End PBXSourcesBuildPhase section */

/* Begin PBXTargetDependency section */
		E4EEB9AC138B136A00A80321 /* PBXTargetDependency */ = {
			isa = PBXTargetDependency;
			name = openFrameworks;
			targetProxy = E4EEB9AB138B136A00A80321 /* PBXContainerItemProxy */;
		};
/* End PBXTargetDependency section */

/* Begin XCBuildConfiguration section */
		E4B69B4E0A3A1720003C02F2 /* Debug */ = {
			isa = XCBuildConfiguration;
			baseConfigurationReference = E4EB6923138AFD0F00A09F29 /* Project.xcconfig */;
			buildSettings = {
				ARCHS = "$(NATIVE_ARCH)";
				CONFIGURATION_BUILD_DIR = "$(SRCROOT)/bin/";
				COPY_PHASE_STRIP = NO;
				DEAD_CODE_STRIPPING = YES;
				GCC_AUTO_VECTORIZATION = YES;
				GCC_ENABLE_SSE3_EXTENSIONS = YES;
				GCC_ENABLE_SUPPLEMENTAL_SSE3_INSTRUCTIONS = YES;
				GCC_INLINES_ARE_PRIVATE_EXTERN = NO;
				GCC_OPTIMIZATION_LEVEL = 0;
				GCC_SYMBOLS_PRIVATE_EXTERN = NO;
				GCC_WARN_ABOUT_DEPRECATED_FUNCTIONS = YES;
				GCC_WARN_ABOUT_INVALID_OFFSETOF_MACRO = NO;
				GCC_WARN_ALLOW_INCOMPLETE_PROTOCOL = NO;
				GCC_WARN_UNINITIALIZED_AUTOS = NO;
				GCC_WARN_UNUSED_VALUE = NO;
				GCC_WARN_UNUSED_VARIABLE = NO;
				MACOSX_DEPLOYMENT_TARGET = 10.6;
				OTHER_CPLUSPLUSFLAGS = (
					"-D__MACOSX_CORE__",
					"-lpthread",
					"-mtune=native",
				);
				SDKROOT = macosx;
			};
			name = Debug;
		};
		E4B69B4F0A3A1720003C02F2 /* Release */ = {
			isa = XCBuildConfiguration;
			baseConfigurationReference = E4EB6923138AFD0F00A09F29 /* Project.xcconfig */;
			buildSettings = {
				ARCHS = "$(NATIVE_ARCH)";
				CONFIGURATION_BUILD_DIR = "$(SRCROOT)/bin/";
				COPY_PHASE_STRIP = YES;
				DEAD_CODE_STRIPPING = YES;
				GCC_AUTO_VECTORIZATION = YES;
				GCC_ENABLE_SSE3_EXTENSIONS = YES;
				GCC_ENABLE_SUPPLEMENTAL_SSE3_INSTRUCTIONS = YES;
				GCC_INLINES_ARE_PRIVATE_EXTERN = NO;
				GCC_OPTIMIZATION_LEVEL = 3;
				GCC_SYMBOLS_PRIVATE_EXTERN = NO;
				GCC_UNROLL_LOOPS = YES;
				GCC_WARN_ABOUT_DEPRECATED_FUNCTIONS = YES;
				GCC_WARN_ABOUT_INVALID_OFFSETOF_MACRO = NO;
				GCC_WARN_ALLOW_INCOMPLETE_PROTOCOL = NO;
				GCC_WARN_UNINITIALIZED_AUTOS = NO;
				GCC_WARN_UNUSED_VALUE = NO;
				GCC_WARN_UNUSED_VARIABLE = NO;
				MACOSX_DEPLOYMENT_TARGET = 10.6;
				OTHER_CPLUSPLUSFLAGS = (
					"-D__MACOSX_CORE__",
					"-lpthread",
					"-mtune=native",
				);
				SDKROOT = macosx;
			};
			name = Release;
		};
		E4B69B600A3A1757003C02F2 /* Debug */ = {
			isa = XCBuildConfiguration;
			buildSettings = {
				ARCHS = "$(ARCHS_STANDARD_32_BIT)";
				COMBINE_HIDPI_IMAGES = YES;
				COPY_PHASE_STRIP = NO;
				FRAMEWORK_SEARCH_PATHS = (
					"$(inherited)",
					"$(FRAMEWORK_SEARCH_PATHS_QUOTED_FOR_TARGET_1)",
				);
				FRAMEWORK_SEARCH_PATHS_QUOTED_FOR_TARGET_1 = "\"$(SRCROOT)/../../../libs/glut/lib/osx\"";
				GCC_DYNAMIC_NO_PIC = NO;
				GCC_GENERATE_DEBUGGING_SYMBOLS = YES;
				GCC_MODEL_TUNING = NONE;
				ICON = "$(ICON_NAME_DEBUG)";
				ICON_FILE = "$(ICON_FILE_PATH)$(ICON)";
				INFOPLIST_FILE = "openFrameworks-Info.plist";
				INSTALL_PATH = "$(HOME)/Applications";
				LIBRARY_SEARCH_PATHS = (
					"$(inherited)",
					"$(LIBRARY_SEARCH_PATHS_QUOTED_FOR_TARGET_1)",
					"$(LIBRARY_SEARCH_PATHS_QUOTED_FOR_TARGET_2)",
					"$(LIBRARY_SEARCH_PATHS_QUOTED_FOR_TARGET_3)",
					"$(LIBRARY_SEARCH_PATHS_QUOTED_FOR_TARGET_4)",
					"$(LIBRARY_SEARCH_PATHS_QUOTED_FOR_TARGET_5)",
					"$(LIBRARY_SEARCH_PATHS_QUOTED_FOR_TARGET_6)",
					"$(LIBRARY_SEARCH_PATHS_QUOTED_FOR_TARGET_7)",
					"$(LIBRARY_SEARCH_PATHS_QUOTED_FOR_TARGET_8)",
					"$(LIBRARY_SEARCH_PATHS_QUOTED_FOR_TARGET_9)",
					"$(LIBRARY_SEARCH_PATHS_QUOTED_FOR_TARGET_10)",
					"$(LIBRARY_SEARCH_PATHS_QUOTED_FOR_TARGET_11)",
					"$(LIBRARY_SEARCH_PATHS_QUOTED_FOR_TARGET_12)",
					"$(LIBRARY_SEARCH_PATHS_QUOTED_FOR_TARGET_13)",
					"$(LIBRARY_SEARCH_PATHS_QUOTED_FOR_TARGET_14)",
					"$(LIBRARY_SEARCH_PATHS_QUOTED_FOR_TARGET_15)",
					"$(LIBRARY_SEARCH_PATHS_QUOTED_FOR_TARGET_2)",
					"$(LIBRARY_SEARCH_PATHS_QUOTED_FOR_TARGET_3)",
					"$(LIBRARY_SEARCH_PATHS_QUOTED_FOR_TARGET_7)",
					"$(LIBRARY_SEARCH_PATHS_QUOTED_FOR_TARGET_8)",
					"$(LIBRARY_SEARCH_PATHS_QUOTED_FOR_TARGET_9)",
					"$(LIBRARY_SEARCH_PATHS_QUOTED_FOR_TARGET_10)",
					"$(LIBRARY_SEARCH_PATHS_QUOTED_FOR_TARGET_11)",
					"$(LIBRARY_SEARCH_PATHS_QUOTED_FOR_TARGET_12)",
					"$(LIBRARY_SEARCH_PATHS_QUOTED_FOR_TARGET_13)",
					"$(LIBRARY_SEARCH_PATHS_QUOTED_FOR_TARGET_16)",
					"$(LIBRARY_SEARCH_PATHS_QUOTED_FOR_TARGET_17)",
					"$(LIBRARY_SEARCH_PATHS_QUOTED_FOR_TARGET_18)",
					"$(LIBRARY_SEARCH_PATHS_QUOTED_FOR_TARGET_19)",
					"$(LIBRARY_SEARCH_PATHS_QUOTED_FOR_TARGET_20)",
					"$(LIBRARY_SEARCH_PATHS_QUOTED_FOR_TARGET_21)",
					"$(LIBRARY_SEARCH_PATHS_QUOTED_FOR_TARGET_22)",
					"$(LIBRARY_SEARCH_PATHS_QUOTED_FOR_TARGET_23)",
					"$(LIBRARY_SEARCH_PATHS_QUOTED_FOR_TARGET_24)",
					"$(LIBRARY_SEARCH_PATHS_QUOTED_FOR_TARGET_25)",
					"$(LIBRARY_SEARCH_PATHS_QUOTED_FOR_TARGET_26)",
					"$(LIBRARY_SEARCH_PATHS_QUOTED_FOR_TARGET_27)",
					"$(LIBRARY_SEARCH_PATHS_QUOTED_FOR_TARGET_28)",
					"$(LIBRARY_SEARCH_PATHS_QUOTED_FOR_TARGET_29)",
					"$(LIBRARY_SEARCH_PATHS_QUOTED_FOR_TARGET_30)",
					"$(LIBRARY_SEARCH_PATHS_QUOTED_FOR_TARGET_31)",
					"$(LIBRARY_SEARCH_PATHS_QUOTED_FOR_TARGET_32)",
					"$(LIBRARY_SEARCH_PATHS_QUOTED_FOR_TARGET_33)",
					"$(LIBRARY_SEARCH_PATHS_QUOTED_FOR_TARGET_34)",
					"$(LIBRARY_SEARCH_PATHS_QUOTED_FOR_TARGET_35)",
					"$(LIBRARY_SEARCH_PATHS_QUOTED_FOR_TARGET_36)",
					"$(LIBRARY_SEARCH_PATHS_QUOTED_FOR_TARGET_37)",
					"$(LIBRARY_SEARCH_PATHS_QUOTED_FOR_TARGET_38)",
					"$(LIBRARY_SEARCH_PATHS_QUOTED_FOR_TARGET_39)",
					"$(LIBRARY_SEARCH_PATHS_QUOTED_FOR_TARGET_40)",
					"$(LIBRARY_SEARCH_PATHS_QUOTED_FOR_TARGET_41)",
					"$(LIBRARY_SEARCH_PATHS_QUOTED_FOR_TARGET_42)",
					"$(LIBRARY_SEARCH_PATHS_QUOTED_FOR_TARGET_43)",
					"$(LIBRARY_SEARCH_PATHS_QUOTED_FOR_TARGET_44)",
					"$(LIBRARY_SEARCH_PATHS_QUOTED_FOR_TARGET_45)",
					"$(LIBRARY_SEARCH_PATHS_QUOTED_FOR_TARGET_46)",
					"$(LIBRARY_SEARCH_PATHS_QUOTED_FOR_TARGET_47)",
					"$(LIBRARY_SEARCH_PATHS_QUOTED_FOR_TARGET_48)",
					"$(LIBRARY_SEARCH_PATHS_QUOTED_FOR_TARGET_49)",
					"$(LIBRARY_SEARCH_PATHS_QUOTED_FOR_TARGET_50)",
					"$(LIBRARY_SEARCH_PATHS_QUOTED_FOR_TARGET_51)",
					"$(LIBRARY_SEARCH_PATHS_QUOTED_FOR_TARGET_52)",
				);
				PRODUCT_NAME = "$(TARGET_NAME)Debug";
				SDKROOT = macosx10.9;
				USER_HEADER_SEARCH_PATHS = ../../../addons/ofxOsc/libs/oscpack/src/;
				WRAPPER_EXTENSION = app;
			};
			name = Debug;
		};
		E4B69B610A3A1757003C02F2 /* Release */ = {
			isa = XCBuildConfiguration;
			buildSettings = {
				ARCHS = "$(ARCHS_STANDARD_32_BIT)";
				COMBINE_HIDPI_IMAGES = YES;
				COPY_PHASE_STRIP = YES;
				FRAMEWORK_SEARCH_PATHS = (
					"$(inherited)",
					"$(FRAMEWORK_SEARCH_PATHS_QUOTED_FOR_TARGET_1)",
				);
				FRAMEWORK_SEARCH_PATHS_QUOTED_FOR_TARGET_1 = "\"$(SRCROOT)/../../../libs/glut/lib/osx\"";
				GCC_GENERATE_DEBUGGING_SYMBOLS = YES;
				GCC_MODEL_TUNING = NONE;
				ICON = "$(ICON_NAME_RELEASE)";
				ICON_FILE = "$(ICON_FILE_PATH)$(ICON)";
				INFOPLIST_FILE = "openFrameworks-Info.plist";
				INSTALL_PATH = "$(HOME)/Applications";
				LIBRARY_SEARCH_PATHS = (
					"$(inherited)",
					"$(LIBRARY_SEARCH_PATHS_QUOTED_FOR_TARGET_1)",
					"$(LIBRARY_SEARCH_PATHS_QUOTED_FOR_TARGET_2)",
					"$(LIBRARY_SEARCH_PATHS_QUOTED_FOR_TARGET_3)",
					"$(LIBRARY_SEARCH_PATHS_QUOTED_FOR_TARGET_4)",
					"$(LIBRARY_SEARCH_PATHS_QUOTED_FOR_TARGET_5)",
					"$(LIBRARY_SEARCH_PATHS_QUOTED_FOR_TARGET_6)",
					"$(LIBRARY_SEARCH_PATHS_QUOTED_FOR_TARGET_7)",
					"$(LIBRARY_SEARCH_PATHS_QUOTED_FOR_TARGET_8)",
					"$(LIBRARY_SEARCH_PATHS_QUOTED_FOR_TARGET_9)",
					"$(LIBRARY_SEARCH_PATHS_QUOTED_FOR_TARGET_10)",
					"$(LIBRARY_SEARCH_PATHS_QUOTED_FOR_TARGET_11)",
					"$(LIBRARY_SEARCH_PATHS_QUOTED_FOR_TARGET_12)",
					"$(LIBRARY_SEARCH_PATHS_QUOTED_FOR_TARGET_13)",
					"$(LIBRARY_SEARCH_PATHS_QUOTED_FOR_TARGET_14)",
					"$(LIBRARY_SEARCH_PATHS_QUOTED_FOR_TARGET_15)",
					"$(LIBRARY_SEARCH_PATHS_QUOTED_FOR_TARGET_2)",
					"$(LIBRARY_SEARCH_PATHS_QUOTED_1)",
					"$(LIBRARY_SEARCH_PATHS_QUOTED_FOR_TARGET_3)",
					"$(LIBRARY_SEARCH_PATHS_QUOTED_FOR_TARGET_7)",
					"$(LIBRARY_SEARCH_PATHS_QUOTED_FOR_TARGET_8)",
					"$(LIBRARY_SEARCH_PATHS_QUOTED_FOR_TARGET_9)",
					"$(LIBRARY_SEARCH_PATHS_QUOTED_FOR_TARGET_10)",
					"$(LIBRARY_SEARCH_PATHS_QUOTED_FOR_TARGET_11)",
					"$(LIBRARY_SEARCH_PATHS_QUOTED_FOR_TARGET_12)",
					"$(LIBRARY_SEARCH_PATHS_QUOTED_FOR_TARGET_13)",
					"$(LIBRARY_SEARCH_PATHS_QUOTED_FOR_TARGET_16)",
					"$(LIBRARY_SEARCH_PATHS_QUOTED_FOR_TARGET_17)",
					"$(LIBRARY_SEARCH_PATHS_QUOTED_FOR_TARGET_18)",
					"$(LIBRARY_SEARCH_PATHS_QUOTED_FOR_TARGET_19)",
					"$(LIBRARY_SEARCH_PATHS_QUOTED_FOR_TARGET_20)",
					"$(LIBRARY_SEARCH_PATHS_QUOTED_FOR_TARGET_21)",
					"$(LIBRARY_SEARCH_PATHS_QUOTED_FOR_TARGET_22)",
					"$(LIBRARY_SEARCH_PATHS_QUOTED_FOR_TARGET_23)",
					"$(LIBRARY_SEARCH_PATHS_QUOTED_FOR_TARGET_24)",
					"$(LIBRARY_SEARCH_PATHS_QUOTED_FOR_TARGET_25)",
					"$(LIBRARY_SEARCH_PATHS_QUOTED_FOR_TARGET_26)",
					"$(LIBRARY_SEARCH_PATHS_QUOTED_FOR_TARGET_27)",
					"$(LIBRARY_SEARCH_PATHS_QUOTED_FOR_TARGET_28)",
					"$(LIBRARY_SEARCH_PATHS_QUOTED_FOR_TARGET_29)",
					"$(LIBRARY_SEARCH_PATHS_QUOTED_FOR_TARGET_30)",
					"$(LIBRARY_SEARCH_PATHS_QUOTED_FOR_TARGET_31)",
					"$(LIBRARY_SEARCH_PATHS_QUOTED_FOR_TARGET_32)",
					"$(LIBRARY_SEARCH_PATHS_QUOTED_FOR_TARGET_33)",
					"$(LIBRARY_SEARCH_PATHS_QUOTED_FOR_TARGET_34)",
					"$(LIBRARY_SEARCH_PATHS_QUOTED_FOR_TARGET_35)",
					"$(LIBRARY_SEARCH_PATHS_QUOTED_FOR_TARGET_36)",
					"$(LIBRARY_SEARCH_PATHS_QUOTED_FOR_TARGET_37)",
					"$(LIBRARY_SEARCH_PATHS_QUOTED_FOR_TARGET_38)",
					"$(LIBRARY_SEARCH_PATHS_QUOTED_FOR_TARGET_39)",
					"$(LIBRARY_SEARCH_PATHS_QUOTED_FOR_TARGET_40)",
					"$(LIBRARY_SEARCH_PATHS_QUOTED_FOR_TARGET_41)",
					"$(LIBRARY_SEARCH_PATHS_QUOTED_FOR_TARGET_42)",
					"$(LIBRARY_SEARCH_PATHS_QUOTED_FOR_TARGET_43)",
					"$(LIBRARY_SEARCH_PATHS_QUOTED_FOR_TARGET_44)",
					"$(LIBRARY_SEARCH_PATHS_QUOTED_FOR_TARGET_45)",
					"$(LIBRARY_SEARCH_PATHS_QUOTED_FOR_TARGET_46)",
					"$(LIBRARY_SEARCH_PATHS_QUOTED_FOR_TARGET_47)",
					"$(LIBRARY_SEARCH_PATHS_QUOTED_FOR_TARGET_48)",
					"$(LIBRARY_SEARCH_PATHS_QUOTED_FOR_TARGET_49)",
					"$(LIBRARY_SEARCH_PATHS_QUOTED_FOR_TARGET_50)",
					"$(LIBRARY_SEARCH_PATHS_QUOTED_FOR_TARGET_51)",
				);
				PRODUCT_NAME = "$(TARGET_NAME)";
				SDKROOT = macosx10.9;
				USER_HEADER_SEARCH_PATHS = ../../../addons/ofxOsc/libs/oscpack/src/;
				WRAPPER_EXTENSION = app;
			};
			name = Release;
		};
/* End XCBuildConfiguration section */

/* Begin XCConfigurationList section */
		E4B69B4D0A3A1720003C02F2 /* Build configuration list for PBXProject "tvDebug" */ = {
			isa = XCConfigurationList;
			buildConfigurations = (
				E4B69B4E0A3A1720003C02F2 /* Debug */,
				E4B69B4F0A3A1720003C02F2 /* Release */,
			);
			defaultConfigurationIsVisible = 0;
			defaultConfigurationName = Release;
		};
		E4B69B5F0A3A1757003C02F2 /* Build configuration list for PBXNativeTarget "tvDebug" */ = {
			isa = XCConfigurationList;
			buildConfigurations = (
				E4B69B600A3A1757003C02F2 /* Debug */,
				E4B69B610A3A1757003C02F2 /* Release */,
			);
			defaultConfigurationIsVisible = 0;
			defaultConfigurationName = Release;
		};
/* End XCConfigurationList section */
	};
	rootObject = E4B69B4C0A3A1720003C02F2 /* Project object */;
}
